
Microsoft Visual Studio Solution File, Format Version 12.00
# Visual Studio Version 16
VisualStudioVersion = 16.0.30320.27
MinimumVisualStudioVersion = 10.0.40219.1
Project("{9A19103F-16F7-4668-BE54-9A1E7A4F7556}") = "FCSChart", "FCSChart\FCSChart.csproj", "{08464EC5-AA81-4463-967F-B639D9D8D6ED}"
EndProject
Project("{9A19103F-16F7-4668-BE54-9A1E7A4F7556}") = "Test", "Test\Test.csproj", "{142DD72D-7C87-4761-BAEC-EFDF1C1FC03D}"
EndProject
Project("{2150E333-8FDC-42A3-9474-1A3956D46DE8}") = "Tests", "Tests", "{3501EA7F-2736-48AC-8D11-0778E44C644F}"
EndProject
Global
	GlobalSection(SolutionConfigurationPlatforms) = preSolution
		Debug|Any CPU = Debug|Any CPU
		Release|Any CPU = Release|Any CPU
	EndGlobalSection
	GlobalSection(ProjectConfigurationPlatforms) = postSolution
		{08464EC5-AA81-4463-967F-B639D9D8D6ED}.Debug|Any CPU.ActiveCfg = Debug|Any CPU
		{08464EC5-AA81-4463-967F-B639D9D8D6ED}.Debug|Any CPU.Build.0 = Debug|Any CPU
		{08464EC5-AA81-4463-967F-B639D9D8D6ED}.Release|Any CPU.ActiveCfg = Release|Any CPU
		{08464EC5-AA81-4463-967F-B639D9D8D6ED}.Release|Any CPU.Build.0 = Release|Any CPU
		{142DD72D-7C87-4761-BAEC-EFDF1C1FC03D}.Debug|Any CPU.ActiveCfg = Debug|Any CPU
		{142DD72D-7C87-4761-BAEC-EFDF1C1FC03D}.Debug|Any CPU.Build.0 = Debug|Any CPU
		{142DD72D-7C87-4761-BAEC-EFDF1C1FC03D}.Release|Any CPU.ActiveCfg = Release|Any CPU
		{142DD72D-7C87-4761-BAEC-EFDF1C1FC03D}.Release|Any CPU.Build.0 = Release|Any CPU
	EndGlobalSection
	GlobalSection(SolutionProperties) = preSolution
		HideSolutionNode = FALSE
	EndGlobalSection
	GlobalSection(NestedProjects) = preSolution
		{142DD72D-7C87-4761-BAEC-EFDF1C1FC03D} = {3501EA7F-2736-48AC-8D11-0778E44C644F}
	EndGlobalSection
	GlobalSection(ExtensibilityGlobals) = postSolution
		SolutionGuid = {36A8177A-D6CB-4DD6-9565-53B38365EEBC}
	EndGlobalSection
EndGlobal
